
Microsoft Visual Studio Solution File, Format Version 12.00
# Visual Studio Version 17
VisualStudioVersion = 17.3.32929.385
MinimumVisualStudioVersion = 10.0.40219.1
Project("{FAE04EC0-301F-11D3-BF4B-00C04F79EFBC}") = "fizzbuzz", "fizzbuzz\fizzbuzz.csproj", "{758D02E4-DD93-4B9E-9E64-4CC8CD3CE075}"
EndProject
Global
	GlobalSection(SolutionConfigurationPlatforms) = preSolution
		Debug|Any CPU = Debug|Any CPU
		Release|Any CPU = Release|Any CPU
	EndGlobalSection
	GlobalSection(ProjectConfigurationPlatforms) = postSolution
		{758D02E4-DD93-4B9E-9E64-4CC8CD3CE075}.Debug|Any CPU.ActiveCfg = Debug|Any CPU
		{758D02E4-DD93-4B9E-9E64-4CC8CD3CE075}.Debug|Any CPU.Build.0 = Debug|Any CPU
		{758D02E4-DD93-4B9E-9E64-4CC8CD3CE075}.Release|Any CPU.ActiveCfg = Release|Any CPU
		{758D02E4-DD93-4B9E-9E64-4CC8CD3CE075}.Release|Any CPU.Build.0 = Release|Any CPU
	EndGlobalSection
	GlobalSection(SolutionProperties) = preSolution
		HideSolutionNode = FALSE
	EndGlobalSection
	GlobalSection(ExtensibilityGlobals) = postSolution
		SolutionGuid = {0A63C2A2-BE8D-42CF-8DFD-5B1229850AC4}
	EndGlobalSection
EndGlobal
